
Microsoft Visual Studio Solution File, Format Version 12.00
# Visual Studio Version 16
VisualStudioVersion = 16.0.32413.511
MinimumVisualStudioVersion = 10.0.40219.1
Project("{FAE04EC0-301F-11D3-BF4B-00C04F79EFBC}") = "PDC03_MOD03.Android", "PDC03_MOD03\PDC03_MOD03.Android\PDC03_MOD03.Android.csproj", "{B099583F-A5D8-4469-99D5-7F4566BA06B3}"
EndProject
Project("{FAE04EC0-301F-11D3-BF4B-00C04F79EFBC}") = "PDC03_MOD03.iOS", "PDC03_MOD03\PDC03_MOD03.iOS\PDC03_MOD03.iOS.csproj", "{AD463087-932C-4BD2-BF80-2249C9634E2B}"
EndProject
Project("{FAE04EC0-301F-11D3-BF4B-00C04F79EFBC}") = "PDC03_MOD03", "PDC03_MOD03\PDC03_MOD03\PDC03_MOD03.csproj", "{D41A24CD-F2F6-4E64-902A-C7837025B45E}"
EndProject
Global
	GlobalSection(SolutionConfigurationPlatforms) = preSolution
		Debug|Any CPU = Debug|Any CPU
		Debug|iPhone = Debug|iPhone
		Debug|iPhoneSimulator = Debug|iPhoneSimulator
		Release|Any CPU = Release|Any CPU
		Release|iPhone = Release|iPhone
		Release|iPhoneSimulator = Release|iPhoneSimulator
	EndGlobalSection
	GlobalSection(ProjectConfigurationPlatforms) = postSolution
		{B099583F-A5D8-4469-99D5-7F4566BA06B3}.Debug|Any CPU.ActiveCfg = Debug|Any CPU
		{B099583F-A5D8-4469-99D5-7F4566BA06B3}.Debug|Any CPU.Build.0 = Debug|Any CPU
		{B099583F-A5D8-4469-99D5-7F4566BA06B3}.Debug|Any CPU.Deploy.0 = Debug|Any CPU
		{B099583F-A5D8-4469-99D5-7F4566BA06B3}.Debug|iPhone.ActiveCfg = Debug|Any CPU
		{B099583F-A5D8-4469-99D5-7F4566BA06B3}.Debug|iPhone.Build.0 = Debug|Any CPU
		{B099583F-A5D8-4469-99D5-7F4566BA06B3}.Debug|iPhone.Deploy.0 = Debug|Any CPU
		{B099583F-A5D8-4469-99D5-7F4566BA06B3}.Debug|iPhoneSimulator.ActiveCfg = Debug|Any CPU
		{B099583F-A5D8-4469-99D5-7F4566BA06B3}.Debug|iPhoneSimulator.Build.0 = Debug|Any CPU
		{B099583F-A5D8-4469-99D5-7F4566BA06B3}.Debug|iPhoneSimulator.Deploy.0 = Debug|Any CPU
		{B099583F-A5D8-4469-99D5-7F4566BA06B3}.Release|Any CPU.ActiveCfg = Release|Any CPU
		{B099583F-A5D8-4469-99D5-7F4566BA06B3}.Release|Any CPU.Build.0 = Release|Any CPU
		{B099583F-A5D8-4469-99D5-7F4566BA06B3}.Release|Any CPU.Deploy.0 = Release|Any CPU
		{B099583F-A5D8-4469-99D5-7F4566BA06B3}.Release|iPhone.ActiveCfg = Release|Any CPU
		{B099583F-A5D8-4469-99D5-7F4566BA06B3}.Release|iPhone.Build.0 = Release|Any CPU
		{B099583F-A5D8-4469-99D5-7F4566BA06B3}.Release|iPhone.Deploy.0 = Release|Any CPU
		{B099583F-A5D8-4469-99D5-7F4566BA06B3}.Release|iPhoneSimulator.ActiveCfg = Release|Any CPU
		{B099583F-A5D8-4469-99D5-7F4566BA06B3}.Release|iPhoneSimulator.Build.0 = Release|Any CPU
		{B099583F-A5D8-4469-99D5-7F4566BA06B3}.Release|iPhoneSimulator.Deploy.0 = Release|Any CPU
		{AD463087-932C-4BD2-BF80-2249C9634E2B}.Debug|Any CPU.ActiveCfg = Debug|iPhone
		{AD463087-932C-4BD2-BF80-2249C9634E2B}.Debug|Any CPU.Build.0 = Debug|iPhone
		{AD463087-932C-4BD2-BF80-2249C9634E2B}.Debug|Any CPU.Deploy.0 = Debug|iPhone
		{AD463087-932C-4BD2-BF80-2249C9634E2B}.Debug|iPhone.ActiveCfg = Debug|iPhone
		{AD463087-932C-4BD2-BF80-2249C9634E2B}.Debug|iPhone.Build.0 = Debug|iPhone
		{AD463087-932C-4BD2-BF80-2249C9634E2B}.Debug|iPhone.Deploy.0 = Debug|iPhone
		{AD463087-932C-4BD2-BF80-2249C9634E2B}.Debug|iPhoneSimulator.ActiveCfg = Debug|iPhoneSimulator
		{AD463087-932C-4BD2-BF80-2249C9634E2B}.Debug|iPhoneSimulator.Build.0 = Debug|iPhoneSimulator
		{AD463087-932C-4BD2-BF80-2249C9634E2B}.Debug|iPhoneSimulator.Deploy.0 = Debug|iPhoneSimulator
		{AD463087-932C-4BD2-BF80-2249C9634E2B}.Release|Any CPU.ActiveCfg = Release|iPhoneSimulator
		{AD463087-932C-4BD2-BF80-2249C9634E2B}.Release|Any CPU.Build.0 = Release|iPhoneSimulator
		{AD463087-932C-4BD2-BF80-2249C9634E2B}.Release|Any CPU.Deploy.0 = Release|iPhoneSimulator
		{AD463087-932C-4BD2-BF80-2249C9634E2B}.Release|iPhone.ActiveCfg = Release|iPhone
		{AD463087-932C-4BD2-BF80-2249C9634E2B}.Release|iPhone.Build.0 = Release|iPhone
		{AD463087-932C-4BD2-BF80-2249C9634E2B}.Release|iPhone.Deploy.0 = Release|iPhone
		{AD463087-932C-4BD2-BF80-2249C9634E2B}.Release|iPhoneSimulator.ActiveCfg = Release|iPhoneSimulator
		{AD463087-932C-4BD2-BF80-2249C9634E2B}.Release|iPhoneSimulator.Build.0 = Release|iPhoneSimulator
		{AD463087-932C-4BD2-BF80-2249C9634E2B}.Release|iPhoneSimulator.Deploy.0 = Release|iPhoneSimulator
		{D41A24CD-F2F6-4E64-902A-C7837025B45E}.Debug|Any CPU.ActiveCfg = Debug|Any CPU
		{D41A24CD-F2F6-4E64-902A-C7837025B45E}.Debug|Any CPU.Build.0 = Debug|Any CPU
		{D41A24CD-F2F6-4E64-902A-C7837025B45E}.Debug|Any CPU.Deploy.0 = Debug|Any CPU
		{D41A24CD-F2F6-4E64-902A-C7837025B45E}.Debug|iPhone.ActiveCfg = Debug|Any CPU
		{D41A24CD-F2F6-4E64-902A-C7837025B45E}.Debug|iPhone.Build.0 = Debug|Any CPU
		{D41A24CD-F2F6-4E64-902A-C7837025B45E}.Debug|iPhone.Deploy.0 = Debug|Any CPU
		{D41A24CD-F2F6-4E64-902A-C7837025B45E}.Debug|iPhoneSimulator.ActiveCfg = Debug|Any CPU
		{D41A24CD-F2F6-4E64-902A-C7837025B45E}.Debug|iPhoneSimulator.Build.0 = Debug|Any CPU
		{D41A24CD-F2F6-4E64-902A-C7837025B45E}.Debug|iPhoneSimulator.Deploy.0 = Debug|Any CPU
		{D41A24CD-F2F6-4E64-902A-C7837025B45E}.Release|Any CPU.ActiveCfg = Release|Any CPU
		{D41A24CD-F2F6-4E64-902A-C7837025B45E}.Release|Any CPU.Build.0 = Release|Any CPU
		{D41A24CD-F2F6-4E64-902A-C7837025B45E}.Release|Any CPU.Deploy.0 = Release|Any CPU
		{D41A24CD-F2F6-4E64-902A-C7837025B45E}.Release|iPhone.ActiveCfg = Release|Any CPU
		{D41A24CD-F2F6-4E64-902A-C7837025B45E}.Release|iPhone.Build.0 = Release|Any CPU
		{D41A24CD-F2F6-4E64-902A-C7837025B45E}.Release|iPhone.Deploy.0 = Release|Any CPU
		{D41A24CD-F2F6-4E64-902A-C7837025B45E}.Release|iPhoneSimulator.ActiveCfg = Release|Any CPU
		{D41A24CD-F2F6-4E64-902A-C7837025B45E}.Release|iPhoneSimulator.Build.0 = Release|Any CPU
		{D41A24CD-F2F6-4E64-902A-C7837025B45E}.Release|iPhoneSimulator.Deploy.0 = Release|Any CPU
	EndGlobalSection
	GlobalSection(SolutionProperties) = preSolution
		HideSolutionNode = FALSE
	EndGlobalSection
	GlobalSection(ExtensibilityGlobals) = postSolution
		SolutionGuid = {F1032050-D08C-4A9D-BB75-4FA7584329C5}
	EndGlobalSection
EndGlobal
